// !$*UTF8*$!
{
	archiveVersion = 1;
	classes = {
	};
	objectVersion = 46;
	objects = {

/* Begin PBXBuildFile section */
		2F1FEEB91A6C805B00938950 /* Networking.h in Headers */ = {isa = PBXBuildFile; fileRef = 2F1FEEB81A6C805B00938950 /* Networking.h */; settings = {ATTRIBUTES = (Public, ); }; };
		2F1FEEBF1A6C805B00938950 /* Networking.framework in Frameworks */ = {isa = PBXBuildFile; fileRef = 2F1FEEB31A6C805B00938950 /* Networking.framework */; };
		2F1FEEC61A6C805B00938950 /* NetworkingTests.swift in Sources */ = {isa = PBXBuildFile; fileRef = 2F1FEEC51A6C805B00938950 /* NetworkingTests.swift */; };
/* End PBXBuildFile section */

/* Begin PBXContainerItemProxy section */
		2F1FEEC01A6C805B00938950 /* PBXContainerItemProxy */ = {
			isa = PBXContainerItemProxy;
			containerPortal = 2F1FEEAA1A6C805B00938950 /* Project object */;
			proxyType = 1;
			remoteGlobalIDString = 2F1FEEB21A6C805B00938950;
			remoteInfo = Networking;
		};
/* End PBXContainerItemProxy section */

/* Begin PBXFileReference section */
		2F1FEEB31A6C805B00938950 /* Networking.framework */ = {isa = PBXFileReference; explicitFileType = wrapper.framework; includeInIndex = 0; path = Networking.framework; sourceTree = BUILT_PRODUCTS_DIR; };
		2F1FEEB71A6C805B00938950 /* Info.plist */ = {isa = PBXFileReference; lastKnownFileType = text.plist.xml; path = Info.plist; sourceTree = "<group>"; };
		2F1FEEB81A6C805B00938950 /* Networking.h */ = {isa = PBXFileReference; lastKnownFileType = sourcecode.c.h; path = Networking.h; sourceTree = "<group>"; };
		2F1FEEBE1A6C805B00938950 /* NetworkingTests.xctest */ = {isa = PBXFileReference; explicitFileType = wrapper.cfbundle; includeInIndex = 0; path = NetworkingTests.xctest; sourceTree = BUILT_PRODUCTS_DIR; };
		2F1FEEC41A6C805B00938950 /* Info.plist */ = {isa = PBXFileReference; lastKnownFileType = text.plist.xml; path = Info.plist; sourceTree = "<group>"; };
		2F1FEEC51A6C805B00938950 /* NetworkingTests.swift */ = {isa = PBXFileReference; lastKnownFileType = sourcecode.swift; path = NetworkingTests.swift; sourceTree = "<group>"; };
		2F1FEED01A6C809400938950 /* Application.xcconfig */ = {isa = PBXFileReference; fileEncoding = 4; lastKnownFileType = text.xcconfig; path = Application.xcconfig; sourceTree = "<group>"; };
		2F1FEED11A6C809400938950 /* Bundle.xcconfig */ = {isa = PBXFileReference; fileEncoding = 4; lastKnownFileType = text.xcconfig; path = Bundle.xcconfig; sourceTree = "<group>"; };
		2F1FEED21A6C809400938950 /* Debug.xcconfig */ = {isa = PBXFileReference; fileEncoding = 4; lastKnownFileType = text.xcconfig; path = Debug.xcconfig; sourceTree = "<group>"; };
		2F1FEED31A6C809400938950 /* Library.xcconfig */ = {isa = PBXFileReference; fileEncoding = 4; lastKnownFileType = text.xcconfig; path = Library.xcconfig; sourceTree = "<group>"; };
		2F1FEED41A6C809400938950 /* Module.xcconfig */ = {isa = PBXFileReference; fileEncoding = 4; lastKnownFileType = text.xcconfig; path = Module.xcconfig; sourceTree = "<group>"; };
		2F1FEED51A6C809400938950 /* Release.xcconfig */ = {isa = PBXFileReference; fileEncoding = 4; lastKnownFileType = text.xcconfig; path = Release.xcconfig; sourceTree = "<group>"; };
		2F1FEED61A6C809400938950 /* Shared.xcconfig */ = {isa = PBXFileReference; fileEncoding = 4; lastKnownFileType = text.xcconfig; path = Shared.xcconfig; sourceTree = "<group>"; };
		2F1FEED71A6C809400938950 /* Tests.xcconfig */ = {isa = PBXFileReference; fileEncoding = 4; lastKnownFileType = text.xcconfig; path = Tests.xcconfig; sourceTree = "<group>"; };
/* End PBXFileReference section */

/* Begin PBXFrameworksBuildPhase section */
		2F1FEEAF1A6C805B00938950 /* Frameworks */ = {
			isa = PBXFrameworksBuildPhase;
			buildActionMask = 2147483647;
			files = (
			);
			runOnlyForDeploymentPostprocessing = 0;
		};
		2F1FEEBB1A6C805B00938950 /* Frameworks */ = {
			isa = PBXFrameworksBuildPhase;
			buildActionMask = 2147483647;
			files = (
				2F1FEEBF1A6C805B00938950 /* Networking.framework in Frameworks */,
			);
			runOnlyForDeploymentPostprocessing = 0;
		};
/* End PBXFrameworksBuildPhase section */

/* Begin PBXGroup section */
		2F1FEEA91A6C805B00938950 = {
			isa = PBXGroup;
			children = (
				2F1FEEB51A6C805B00938950 /* Networking */,
				2F1FEEC21A6C805B00938950 /* NetworkingTests */,
				2F1FEECF1A6C809400938950 /* Configurations */,
				2F1FEEB41A6C805B00938950 /* Products */,
			);
			sourceTree = "<group>";
		};
		2F1FEEB41A6C805B00938950 /* Products */ = {
			isa = PBXGroup;
			children = (
				2F1FEEB31A6C805B00938950 /* Networking.framework */,
				2F1FEEBE1A6C805B00938950 /* NetworkingTests.xctest */,
			);
			name = Products;
			sourceTree = "<group>";
		};
		2F1FEEB51A6C805B00938950 /* Networking */ = {
			isa = PBXGroup;
			children = (
				2F1FEEB81A6C805B00938950 /* Networking.h */,
				2F1FEEB61A6C805B00938950 /* Supporting Files */,
			);
			path = Networking;
			sourceTree = "<group>";
		};
		2F1FEEB61A6C805B00938950 /* Supporting Files */ = {
			isa = PBXGroup;
			children = (
				2F1FEEB71A6C805B00938950 /* Info.plist */,
			);
			name = "Supporting Files";
			sourceTree = "<group>";
		};
		2F1FEEC21A6C805B00938950 /* NetworkingTests */ = {
			isa = PBXGroup;
			children = (
				2F1FEEC51A6C805B00938950 /* NetworkingTests.swift */,
				2F1FEEC31A6C805B00938950 /* Supporting Files */,
			);
			path = NetworkingTests;
			sourceTree = "<group>";
		};
		2F1FEEC31A6C805B00938950 /* Supporting Files */ = {
			isa = PBXGroup;
			children = (
				2F1FEEC41A6C805B00938950 /* Info.plist */,
			);
			name = "Supporting Files";
			sourceTree = "<group>";
		};
		2F1FEECF1A6C809400938950 /* Configurations */ = {
			isa = PBXGroup;
			children = (
				2F1FEED01A6C809400938950 /* Application.xcconfig */,
				2F1FEED11A6C809400938950 /* Bundle.xcconfig */,
				2F1FEED21A6C809400938950 /* Debug.xcconfig */,
				2F1FEED31A6C809400938950 /* Library.xcconfig */,
				2F1FEED41A6C809400938950 /* Module.xcconfig */,
				2F1FEED51A6C809400938950 /* Release.xcconfig */,
				2F1FEED61A6C809400938950 /* Shared.xcconfig */,
				2F1FEED71A6C809400938950 /* Tests.xcconfig */,
			);
			name = Configurations;
			path = ../Configurations;
			sourceTree = "<group>";
		};
/* End PBXGroup section */

/* Begin PBXHeadersBuildPhase section */
		2F1FEEB01A6C805B00938950 /* Headers */ = {
			isa = PBXHeadersBuildPhase;
			buildActionMask = 2147483647;
			files = (
				2F1FEEB91A6C805B00938950 /* Networking.h in Headers */,
			);
			runOnlyForDeploymentPostprocessing = 0;
		};
/* End PBXHeadersBuildPhase section */

/* Begin PBXNativeTarget section */
		2F1FEEB21A6C805B00938950 /* Networking */ = {
			isa = PBXNativeTarget;
			buildConfigurationList = 2F1FEEC91A6C805B00938950 /* Build configuration list for PBXNativeTarget "Networking" */;
			buildPhases = (
				2F1FEEAE1A6C805B00938950 /* Sources */,
				2F1FEEAF1A6C805B00938950 /* Frameworks */,
				2F1FEEB01A6C805B00938950 /* Headers */,
				2F1FEEB11A6C805B00938950 /* Resources */,
				2F1FEEF11A6C814600938950 /* Copy Framework */,
			);
			buildRules = (
			);
			dependencies = (
			);
			name = Networking;
			productName = Networking;
			productReference = 2F1FEEB31A6C805B00938950 /* Networking.framework */;
			productType = "com.apple.product-type.framework";
		};
		2F1FEEBD1A6C805B00938950 /* NetworkingTests */ = {
			isa = PBXNativeTarget;
			buildConfigurationList = 2F1FEECC1A6C805B00938950 /* Build configuration list for PBXNativeTarget "NetworkingTests" */;
			buildPhases = (
				2F1FEEBA1A6C805B00938950 /* Sources */,
				2F1FEEBB1A6C805B00938950 /* Frameworks */,
				2F1FEEBC1A6C805B00938950 /* Resources */,
			);
			buildRules = (
			);
			dependencies = (
				2F1FEEC11A6C805B00938950 /* PBXTargetDependency */,
			);
			name = NetworkingTests;
			productName = NetworkingTests;
			productReference = 2F1FEEBE1A6C805B00938950 /* NetworkingTests.xctest */;
			productType = "com.apple.product-type.bundle.unit-test";
		};
/* End PBXNativeTarget section */

/* Begin PBXProject section */
		2F1FEEAA1A6C805B00938950 /* Project object */ = {
			isa = PBXProject;
			attributes = {
				LastSwiftMigration = 0730;
				LastSwiftUpdateCheck = 0730;
				LastUpgradeCheck = 0610;
				ORGANIZATIONNAME = "Keith Moon";
				TargetAttributes = {
					2F1FEEB21A6C805B00938950 = {
						CreatedOnToolsVersion = 6.1.1;
					};
					2F1FEEBD1A6C805B00938950 = {
						CreatedOnToolsVersion = 6.1.1;
					};
				};
			};
			buildConfigurationList = 2F1FEEAD1A6C805B00938950 /* Build configuration list for PBXProject "Networking" */;
			compatibilityVersion = "Xcode 3.2";
			developmentRegion = English;
			hasScannedForEncodings = 0;
			knownRegions = (
				en,
			);
			mainGroup = 2F1FEEA91A6C805B00938950;
			productRefGroup = 2F1FEEB41A6C805B00938950 /* Products */;
			projectDirPath = "";
			projectRoot = "";
			targets = (
				2F1FEEB21A6C805B00938950 /* Networking */,
				2F1FEEBD1A6C805B00938950 /* NetworkingTests */,
			);
		};
/* End PBXProject section */

/* Begin PBXResourcesBuildPhase section */
		2F1FEEB11A6C805B00938950 /* Resources */ = {
			isa = PBXResourcesBuildPhase;
			buildActionMask = 2147483647;
			files = (
			);
			runOnlyForDeploymentPostprocessing = 0;
		};
		2F1FEEBC1A6C805B00938950 /* Resources */ = {
			isa = PBXResourcesBuildPhase;
			buildActionMask = 2147483647;
			files = (
			);
			runOnlyForDeploymentPostprocessing = 0;
		};
/* End PBXResourcesBuildPhase section */

/* Begin PBXShellScriptBuildPhase section */
		2F1FEEF11A6C814600938950 /* Copy Framework */ = {
			isa = PBXShellScriptBuildPhase;
			buildActionMask = 2147483647;
			files = (
			);
			inputPaths = (
			);
			name = "Copy Framework";
			outputPaths = (
			);
			runOnlyForDeploymentPostprocessing = 0;
			shellPath = /bin/sh;
			shellScript = "set -e\n\nKM_FRAMEWORK_NAME=${PROJECT_NAME}\nKM_FRAMEWORK_LOCATION=\"${BUILT_PRODUCTS_DIR}/${KM_FRAMEWORK_NAME}.framework\"\n\n# Copy the framework to the Framework directory\nditto \"${KM_FRAMEWORK_LOCATION}\" \"../Modules/${KM_FRAMEWORK_NAME}.framework\" -v";
		};
/* End PBXShellScriptBuildPhase section */

/* Begin PBXSourcesBuildPhase section */
		2F1FEEAE1A6C805B00938950 /* Sources */ = {
			isa = PBXSourcesBuildPhase;
			buildActionMask = 2147483647;
			files = (
			);
			runOnlyForDeploymentPostprocessing = 0;
		};
		2F1FEEBA1A6C805B00938950 /* Sources */ = {
			isa = PBXSourcesBuildPhase;
			buildActionMask = 2147483647;
			files = (
				2F1FEEC61A6C805B00938950 /* NetworkingTests.swift in Sources */,
			);
			runOnlyForDeploymentPostprocessing = 0;
		};
/* End PBXSourcesBuildPhase section */

/* Begin PBXTargetDependency section */
		2F1FEEC11A6C805B00938950 /* PBXTargetDependency */ = {
			isa = PBXTargetDependency;
			target = 2F1FEEB21A6C805B00938950 /* Networking */;
			targetProxy = 2F1FEEC01A6C805B00938950 /* PBXContainerItemProxy */;
		};
/* End PBXTargetDependency section */

/* Begin XCBuildConfiguration section */
		2F1FEEC71A6C805B00938950 /* Debug */ = {
			isa = XCBuildConfiguration;
			baseConfigurationReference = 2F1FEED21A6C809400938950 /* Debug.xcconfig */;
			buildSettings = {
				ALWAYS_SEARCH_USER_PATHS = NO;
				CLANG_CXX_LANGUAGE_STANDARD = "gnu++0x";
				CLANG_CXX_LIBRARY = "libc++";
				CLANG_ENABLE_MODULES = YES;
				CLANG_ENABLE_OBJC_ARC = YES;
				CLANG_WARN_BOOL_CONVERSION = YES;
				CLANG_WARN_CONSTANT_CONVERSION = YES;
				CLANG_WARN_DIRECT_OBJC_ISA_USAGE = YES_ERROR;
				CLANG_WARN_EMPTY_BODY = YES;
				CLANG_WARN_ENUM_CONVERSION = YES;
				CLANG_WARN_INT_CONVERSION = YES;
				CLANG_WARN_OBJC_ROOT_CLASS = YES_ERROR;
				CLANG_WARN_UNREACHABLE_CODE = YES;
				CLANG_WARN__DUPLICATE_METHOD_MATCH = YES;
				"CODE_SIGN_IDENTITY[sdk=iphoneos*]" = "iPhone Developer";
				COPY_PHASE_STRIP = NO;
				CURRENT_PROJECT_VERSION = 1;
				ENABLE_STRICT_OBJC_MSGSEND = YES;
				GCC_C_LANGUAGE_STANDARD = gnu99;
				GCC_DYNAMIC_NO_PIC = NO;
				GCC_OPTIMIZATION_LEVEL = 0;
				GCC_PREPROCESSOR_DEFINITIONS = (
					"DEBUG=1",
					"$(inherited)",
				);
				GCC_SYMBOLS_PRIVATE_EXTERN = NO;
				GCC_WARN_64_TO_32_BIT_CONVERSION = YES;
				GCC_WARN_ABOUT_RETURN_TYPE = YES_ERROR;
				GCC_WARN_UNDECLARED_SELECTOR = YES;
				GCC_WARN_UNINITIALIZED_AUTOS = YES_AGGRESSIVE;
				GCC_WARN_UNUSED_FUNCTION = YES;
				GCC_WARN_UNUSED_VARIABLE = YES;
				IPHONEOS_DEPLOYMENT_TARGET = 8.0;
				MTL_ENABLE_DEBUG_INFO = YES;
				ONLY_ACTIVE_ARCH = YES;
				SDKROOT = iphoneos;
				SWIFT_OPTIMIZATION_LEVEL = "-Onone";
				TARGETED_DEVICE_FAMILY = "1,2";
				VERSIONING_SYSTEM = "apple-generic";
				VERSION_INFO_PREFIX = "";
			};
			name = Debug;
		};
		2F1FEEC81A6C805B00938950 /* Release */ = {
			isa = XCBuildConfiguration;
			baseConfigurationReference = 2F1FEED51A6C809400938950 /* Release.xcconfig */;
			buildSettings = {
				ALWAYS_SEARCH_USER_PATHS = NO;
				CLANG_CXX_LANGUAGE_STANDARD = "gnu++0x";
				CLANG_CXX_LIBRARY = "libc++";
				CLANG_ENABLE_MODULES = YES;
				CLANG_ENABLE_OBJC_ARC = YES;
				CLANG_WARN_BOOL_CONVERSION = YES;
				CLANG_WARN_CONSTANT_CONVERSION = YES;
				CLANG_WARN_DIRECT_OBJC_ISA_USAGE = YES_ERROR;
				CLANG_WARN_EMPTY_BODY = YES;
				CLANG_WARN_ENUM_CONVERSION = YES;
				CLANG_WARN_INT_CONVERSION = YES;
				CLANG_WARN_OBJC_ROOT_CLASS = YES_ERROR;
				CLANG_WARN_UNREACHABLE_CODE = YES;
				CLANG_WARN__DUPLICATE_METHOD_MATCH = YES;
				"CODE_SIGN_IDENTITY[sdk=iphoneos*]" = "iPhone Developer";
				COPY_PHASE_STRIP = YES;
				CURRENT_PROJECT_VERSION = 1;
				ENABLE_NS_ASSERTIONS = NO;
				ENABLE_STRICT_OBJC_MSGSEND = YES;
				GCC_C_LANGUAGE_STANDARD = gnu99;
				GCC_WARN_64_TO_32_BIT_CONVERSION = YES;
				GCC_WARN_ABOUT_RETURN_TYPE = YES_ERROR;
				GCC_WARN_UNDECLARED_SELECTOR = YES;
				GCC_WARN_UNINITIALIZED_AUTOS = YES_AGGRESSIVE;
				GCC_WARN_UNUSED_FUNCTION = YES;
				GCC_WARN_UNUSED_VARIABLE = YES;
				IPHONEOS_DEPLOYMENT_TARGET = 8.0;
				MTL_ENABLE_DEBUG_INFO = NO;
				SDKROOT = iphoneos;
				TARGETED_DEVICE_FAMILY = "1,2";
				VALIDATE_PRODUCT = YES;
				VERSIONING_SYSTEM = "apple-generic";
				VERSION_INFO_PREFIX = "";
			};
			name = Release;
		};
		2F1FEECA1A6C805B00938950 /* Debug */ = {
			isa = XCBuildConfiguration;
			baseConfigurationReference = 2F1FEED31A6C809400938950 /* Library.xcconfig */;
			buildSettings = {
				DEFINES_MODULE = YES;
				DYLIB_COMPATIBILITY_VERSION = 1;
				DYLIB_CURRENT_VERSION = 1;
				DYLIB_INSTALL_NAME_BASE = "@rpath";
				INFOPLIST_FILE = Networking/Info.plist;
				INSTALL_PATH = "$(LOCAL_LIBRARY_DIR)/Frameworks";
				LD_RUNPATH_SEARCH_PATHS = "$(inherited) @executable_path/Frameworks @loader_path/Frameworks";
				PRODUCT_NAME = "$(TARGET_NAME)";
				SKIP_INSTALL = YES;
			};
			name = Debug;
		};
		2F1FEECB1A6C805B00938950 /* Release */ = {
			isa = XCBuildConfiguration;
			baseConfigurationReference = 2F1FEED31A6C809400938950 /* Library.xcconfig */;
			buildSettings = {
				DEFINES_MODULE = YES;
				DYLIB_COMPATIBILITY_VERSION = 1;
				DYLIB_CURRENT_VERSION = 1;
				DYLIB_INSTALL_NAME_BASE = "@rpath";
				INFOPLIST_FILE = Networking/Info.plist;
				INSTALL_PATH = "$(LOCAL_LIBRARY_DIR)/Frameworks";
				LD_RUNPATH_SEARCH_PATHS = "$(inherited) @executable_path/Frameworks @loader_path/Frameworks";
				PRODUCT_NAME = "$(TARGET_NAME)";
				SKIP_INSTALL = YES;
			};
			name = Release;
		};
		2F1FEECD1A6C805B00938950 /* Debug */ = {
			isa = XCBuildConfiguration;
			baseConfigurationReference = 2F1FEED71A6C809400938950 /* Tests.xcconfig */;
			buildSettings = {
				FRAMEWORK_SEARCH_PATHS = (
					"$(SDKROOT)/Developer/Library/Frameworks",
					"$(inherited)",
				);
				GCC_PREPROCESSOR_DEFINITIONS = (
					"DEBUG=1",
					"$(inherited)",
				);
				INFOPLIST_FILE = NetworkingTests/Info.plist;
				LD_RUNPATH_SEARCH_PATHS = "$(inherited) @executable_path/Frameworks @loader_path/Frameworks";
				PRODUCT_NAME = "$(TARGET_NAME)";
			};
			name = Debug;
		};
		2F1FEECE1A6C805B00938950 /* Release */ = {
			isa = XCBuildConfiguration;
			baseConfigurationReference = 2F1FEED71A6C809400938950 /* Tests.xcconfig */;
			buildSettings = {
				FRAMEWORK_SEARCH_PATHS = (
					"$(SDKROOT)/Developer/Library/Frameworks",
					"$(inherited)",
				);
				INFOPLIST_FILE = NetworkingTests/Info.plist;
				LD_RUNPATH_SEARCH_PATHS = "$(inherited) @executable_path/Frameworks @loader_path/Frameworks";
				PRODUCT_NAME = "$(TARGET_NAME)";
			};
			name = Release;
		};
/* End XCBuildConfiguration section */

/* Begin XCConfigurationList section */
		2F1FEEAD1A6C805B00938950 /* Build configuration list for PBXProject "Networking" */ = {
			isa = XCConfigurationList;
			buildConfigurations = (
				2F1FEEC71A6C805B00938950 /* Debug */,
				2F1FEEC81A6C805B00938950 /* Release */,
			);
			defaultConfigurationIsVisible = 0;
			defaultConfigurationName = Release;
		};
		2F1FEEC91A6C805B00938950 /* Build configuration list for PBXNativeTarget "Networking" */ = {
			isa = XCConfigurationList;
			buildConfigurations = (
				2F1FEECA1A6C805B00938950 /* Debug */,
				2F1FEECB1A6C805B00938950 /* Release */,
			);
			defaultConfigurationIsVisible = 0;
			defaultConfigurationName = Release;
		};
		2F1FEECC1A6C805B00938950 /* Build configuration list for PBXNativeTarget "NetworkingTests" */ = {
			isa = XCConfigurationList;
			buildConfigurations = (
				2F1FEECD1A6C805B00938950 /* Debug */,
				2F1FEECE1A6C805B00938950 /* Release */,
			);
			defaultConfigurationIsVisible = 0;
			defaultConfigurationName = Release;
		};
/* End XCConfigurationList section */
	};
	rootObject = 2F1FEEAA1A6C805B00938950 /* Project object */;
}
