// !$*UTF8*$!
{
	archiveVersion = 1;
	classes = {
	};
	objectVersion = 46;
	objects = {

/* Begin PBXBuildFile section */
		2F1FEF011A6C825500938950 /* AppDelegate.swift in Sources */ = {isa = PBXBuildFile; fileRef = 2F1FEF001A6C825500938950 /* AppDelegate.swift */; };
		2F1FEF031A6C825500938950 /* ViewController.swift in Sources */ = {isa = PBXBuildFile; fileRef = 2F1FEF021A6C825500938950 /* ViewController.swift */; };
		2F1FEF061A6C825500938950 /* Main.storyboard in Resources */ = {isa = PBXBuildFile; fileRef = 2F1FEF041A6C825500938950 /* Main.storyboard */; };
		2F1FEF081A6C825500938950 /* Images.xcassets in Resources */ = {isa = PBXBuildFile; fileRef = 2F1FEF071A6C825500938950 /* Images.xcassets */; };
		2F1FEF0B1A6C825500938950 /* LaunchScreen.xib in Resources */ = {isa = PBXBuildFile; fileRef = 2F1FEF091A6C825500938950 /* LaunchScreen.xib */; };
		2F1FEF171A6C825500938950 /* ExampleTests.swift in Sources */ = {isa = PBXBuildFile; fileRef = 2F1FEF161A6C825500938950 /* ExampleTests.swift */; };
		2F1FEF231A6C827700938950 /* Networking.framework in Frameworks */ = {isa = PBXBuildFile; fileRef = 2F1FEF211A6C827700938950 /* Networking.framework */; };
		2F1FEF241A6C827700938950 /* Persistence.framework in Frameworks */ = {isa = PBXBuildFile; fileRef = 2F1FEF221A6C827700938950 /* Persistence.framework */; };
/* End PBXBuildFile section */

/* Begin PBXContainerItemProxy section */
		2F1FEF111A6C825500938950 /* PBXContainerItemProxy */ = {
			isa = PBXContainerItemProxy;
			containerPortal = 2F1FEEF31A6C825500938950 /* Project object */;
			proxyType = 1;
			remoteGlobalIDString = 2F1FEEFA1A6C825500938950;
			remoteInfo = Example;
		};
/* End PBXContainerItemProxy section */

/* Begin PBXFileReference section */
		2F1FEEFB1A6C825500938950 /* Example.app */ = {isa = PBXFileReference; explicitFileType = wrapper.application; includeInIndex = 0; path = Example.app; sourceTree = BUILT_PRODUCTS_DIR; };
		2F1FEEFF1A6C825500938950 /* Info.plist */ = {isa = PBXFileReference; lastKnownFileType = text.plist.xml; path = Info.plist; sourceTree = "<group>"; };
		2F1FEF001A6C825500938950 /* AppDelegate.swift */ = {isa = PBXFileReference; lastKnownFileType = sourcecode.swift; path = AppDelegate.swift; sourceTree = "<group>"; };
		2F1FEF021A6C825500938950 /* ViewController.swift */ = {isa = PBXFileReference; lastKnownFileType = sourcecode.swift; path = ViewController.swift; sourceTree = "<group>"; };
		2F1FEF051A6C825500938950 /* Base */ = {isa = PBXFileReference; lastKnownFileType = file.storyboard; name = Base; path = Base.lproj/Main.storyboard; sourceTree = "<group>"; };
		2F1FEF071A6C825500938950 /* Images.xcassets */ = {isa = PBXFileReference; lastKnownFileType = folder.assetcatalog; path = Images.xcassets; sourceTree = "<group>"; };
		2F1FEF0A1A6C825500938950 /* Base */ = {isa = PBXFileReference; lastKnownFileType = file.xib; name = Base; path = Base.lproj/LaunchScreen.xib; sourceTree = "<group>"; };
		2F1FEF101A6C825500938950 /* ExampleTests.xctest */ = {isa = PBXFileReference; explicitFileType = wrapper.cfbundle; includeInIndex = 0; path = ExampleTests.xctest; sourceTree = BUILT_PRODUCTS_DIR; };
		2F1FEF151A6C825500938950 /* Info.plist */ = {isa = PBXFileReference; lastKnownFileType = text.plist.xml; path = Info.plist; sourceTree = "<group>"; };
		2F1FEF161A6C825500938950 /* ExampleTests.swift */ = {isa = PBXFileReference; lastKnownFileType = sourcecode.swift; path = ExampleTests.swift; sourceTree = "<group>"; };
		2F1FEF211A6C827700938950 /* Networking.framework */ = {isa = PBXFileReference; lastKnownFileType = wrapper.framework; name = Networking.framework; path = ../../Modules/Networking.framework; sourceTree = "<group>"; };
		2F1FEF221A6C827700938950 /* Persistence.framework */ = {isa = PBXFileReference; lastKnownFileType = wrapper.framework; name = Persistence.framework; path = ../../Modules/Persistence.framework; sourceTree = "<group>"; };
/* End PBXFileReference section */

/* Begin PBXFrameworksBuildPhase section */
		2F1FEEF81A6C825500938950 /* Frameworks */ = {
			isa = PBXFrameworksBuildPhase;
			buildActionMask = 2147483647;
			files = (
				2F1FEF241A6C827700938950 /* Persistence.framework in Frameworks */,
				2F1FEF231A6C827700938950 /* Networking.framework in Frameworks */,
			);
			runOnlyForDeploymentPostprocessing = 0;
		};
		2F1FEF0D1A6C825500938950 /* Frameworks */ = {
			isa = PBXFrameworksBuildPhase;
			buildActionMask = 2147483647;
			files = (
			);
			runOnlyForDeploymentPostprocessing = 0;
		};
/* End PBXFrameworksBuildPhase section */

/* Begin PBXGroup section */
		2F1FEEF21A6C825500938950 = {
			isa = PBXGroup;
			children = (
				2F1FEEFD1A6C825500938950 /* Example */,
				2F1FEF131A6C825500938950 /* ExampleTests */,
				2F1FEF201A6C826400938950 /* Modules */,
				2F1FEEFC1A6C825500938950 /* Products */,
			);
			sourceTree = "<group>";
		};
		2F1FEEFC1A6C825500938950 /* Products */ = {
			isa = PBXGroup;
			children = (
				2F1FEEFB1A6C825500938950 /* Example.app */,
				2F1FEF101A6C825500938950 /* ExampleTests.xctest */,
			);
			name = Products;
			sourceTree = "<group>";
		};
		2F1FEEFD1A6C825500938950 /* Example */ = {
			isa = PBXGroup;
			children = (
				2F1FEF001A6C825500938950 /* AppDelegate.swift */,
				2F1FEF021A6C825500938950 /* ViewController.swift */,
				2F1FEF041A6C825500938950 /* Main.storyboard */,
				2F1FEF071A6C825500938950 /* Images.xcassets */,
				2F1FEF091A6C825500938950 /* LaunchScreen.xib */,
				2F1FEEFE1A6C825500938950 /* Supporting Files */,
			);
			path = Example;
			sourceTree = "<group>";
		};
		2F1FEEFE1A6C825500938950 /* Supporting Files */ = {
			isa = PBXGroup;
			children = (
				2F1FEEFF1A6C825500938950 /* Info.plist */,
			);
			name = "Supporting Files";
			sourceTree = "<group>";
		};
		2F1FEF131A6C825500938950 /* ExampleTests */ = {
			isa = PBXGroup;
			children = (
				2F1FEF161A6C825500938950 /* ExampleTests.swift */,
				2F1FEF141A6C825500938950 /* Supporting Files */,
			);
			path = ExampleTests;
			sourceTree = "<group>";
		};
		2F1FEF141A6C825500938950 /* Supporting Files */ = {
			isa = PBXGroup;
			children = (
				2F1FEF151A6C825500938950 /* Info.plist */,
			);
			name = "Supporting Files";
			sourceTree = "<group>";
		};
		2F1FEF201A6C826400938950 /* Modules */ = {
			isa = PBXGroup;
			children = (
				2F1FEF211A6C827700938950 /* Networking.framework */,
				2F1FEF221A6C827700938950 /* Persistence.framework */,
			);
			name = Modules;
			path = Example;
			sourceTree = "<group>";
		};
/* End PBXGroup section */

/* Begin PBXNativeTarget section */
		2F1FEEFA1A6C825500938950 /* Example */ = {
			isa = PBXNativeTarget;
			buildConfigurationList = 2F1FEF1A1A6C825500938950 /* Build configuration list for PBXNativeTarget "Example" */;
			buildPhases = (
				2F1FEEF71A6C825500938950 /* Sources */,
				2F1FEEF81A6C825500938950 /* Frameworks */,
				2F1FEEF91A6C825500938950 /* Resources */,
			);
			buildRules = (
			);
			dependencies = (
			);
			name = Example;
			productName = Example;
			productReference = 2F1FEEFB1A6C825500938950 /* Example.app */;
			productType = "com.apple.product-type.application";
		};
		2F1FEF0F1A6C825500938950 /* ExampleTests */ = {
			isa = PBXNativeTarget;
			buildConfigurationList = 2F1FEF1D1A6C825500938950 /* Build configuration list for PBXNativeTarget "ExampleTests" */;
			buildPhases = (
				2F1FEF0C1A6C825500938950 /* Sources */,
				2F1FEF0D1A6C825500938950 /* Frameworks */,
				2F1FEF0E1A6C825500938950 /* Resources */,
			);
			buildRules = (
			);
			dependencies = (
				2F1FEF121A6C825500938950 /* PBXTargetDependency */,
			);
			name = ExampleTests;
			productName = ExampleTests;
			productReference = 2F1FEF101A6C825500938950 /* ExampleTests.xctest */;
			productType = "com.apple.product-type.bundle.unit-test";
		};
/* End PBXNativeTarget section */

/* Begin PBXProject section */
		2F1FEEF31A6C825500938950 /* Project object */ = {
			isa = PBXProject;
			attributes = {
				LastUpgradeCheck = 0610;
				ORGANIZATIONNAME = "Keith Moon";
				TargetAttributes = {
					2F1FEEFA1A6C825500938950 = {
						CreatedOnToolsVersion = 6.1.1;
					};
					2F1FEF0F1A6C825500938950 = {
						CreatedOnToolsVersion = 6.1.1;
						TestTargetID = 2F1FEEFA1A6C825500938950;
					};
				};
			};
			buildConfigurationList = 2F1FEEF61A6C825500938950 /* Build configuration list for PBXProject "Example" */;
			compatibilityVersion = "Xcode 3.2";
			developmentRegion = English;
			hasScannedForEncodings = 0;
			knownRegions = (
				en,
				Base,
			);
			mainGroup = 2F1FEEF21A6C825500938950;
			productRefGroup = 2F1FEEFC1A6C825500938950 /* Products */;
			projectDirPath = "";
			projectRoot = "";
			targets = (
				2F1FEEFA1A6C825500938950 /* Example */,
				2F1FEF0F1A6C825500938950 /* ExampleTests */,
			);
		};
/* End PBXProject section */

/* Begin PBXResourcesBuildPhase section */
		2F1FEEF91A6C825500938950 /* Resources */ = {
			isa = PBXResourcesBuildPhase;
			buildActionMask = 2147483647;
			files = (
				2F1FEF061A6C825500938950 /* Main.storyboard in Resources */,
				2F1FEF0B1A6C825500938950 /* LaunchScreen.xib in Resources */,
				2F1FEF081A6C825500938950 /* Images.xcassets in Resources */,
			);
			runOnlyForDeploymentPostprocessing = 0;
		};
		2F1FEF0E1A6C825500938950 /* Resources */ = {
			isa = PBXResourcesBuildPhase;
			buildActionMask = 2147483647;
			files = (
			);
			runOnlyForDeploymentPostprocessing = 0;
		};
/* End PBXResourcesBuildPhase section */

/* Begin PBXSourcesBuildPhase section */
		2F1FEEF71A6C825500938950 /* Sources */ = {
			isa = PBXSourcesBuildPhase;
			buildActionMask = 2147483647;
			files = (
				2F1FEF031A6C825500938950 /* ViewController.swift in Sources */,
				2F1FEF011A6C825500938950 /* AppDelegate.swift in Sources */,
			);
			runOnlyForDeploymentPostprocessing = 0;
		};
		2F1FEF0C1A6C825500938950 /* Sources */ = {
			isa = PBXSourcesBuildPhase;
			buildActionMask = 2147483647;
			files = (
				2F1FEF171A6C825500938950 /* ExampleTests.swift in Sources */,
			);
			runOnlyForDeploymentPostprocessing = 0;
		};
/* End PBXSourcesBuildPhase section */

/* Begin PBXTargetDependency section */
		2F1FEF121A6C825500938950 /* PBXTargetDependency */ = {
			isa = PBXTargetDependency;
			target = 2F1FEEFA1A6C825500938950 /* Example */;
			targetProxy = 2F1FEF111A6C825500938950 /* PBXContainerItemProxy */;
		};
/* End PBXTargetDependency section */

/* Begin PBXVariantGroup section */
		2F1FEF041A6C825500938950 /* Main.storyboard */ = {
			isa = PBXVariantGroup;
			children = (
				2F1FEF051A6C825500938950 /* Base */,
			);
			name = Main.storyboard;
			sourceTree = "<group>";
		};
		2F1FEF091A6C825500938950 /* LaunchScreen.xib */ = {
			isa = PBXVariantGroup;
			children = (
				2F1FEF0A1A6C825500938950 /* Base */,
			);
			name = LaunchScreen.xib;
			sourceTree = "<group>";
		};
/* End PBXVariantGroup section */

/* Begin XCBuildConfiguration section */
		2F1FEF181A6C825500938950 /* Debug */ = {
			isa = XCBuildConfiguration;
			buildSettings = {
				ALWAYS_SEARCH_USER_PATHS = NO;
				CLANG_CXX_LANGUAGE_STANDARD = "gnu++0x";
				CLANG_CXX_LIBRARY = "libc++";
				CLANG_ENABLE_MODULES = YES;
				CLANG_ENABLE_OBJC_ARC = YES;
				CLANG_WARN_BOOL_CONVERSION = YES;
				CLANG_WARN_CONSTANT_CONVERSION = YES;
				CLANG_WARN_DIRECT_OBJC_ISA_USAGE = YES_ERROR;
				CLANG_WARN_EMPTY_BODY = YES;
				CLANG_WARN_ENUM_CONVERSION = YES;
				CLANG_WARN_INT_CONVERSION = YES;
				CLANG_WARN_OBJC_ROOT_CLASS = YES_ERROR;
				CLANG_WARN_UNREACHABLE_CODE = YES;
				CLANG_WARN__DUPLICATE_METHOD_MATCH = YES;
				"CODE_SIGN_IDENTITY[sdk=iphoneos*]" = "iPhone Developer";
				COPY_PHASE_STRIP = NO;
				ENABLE_STRICT_OBJC_MSGSEND = YES;
				GCC_C_LANGUAGE_STANDARD = gnu99;
				GCC_DYNAMIC_NO_PIC = NO;
				GCC_OPTIMIZATION_LEVEL = 0;
				GCC_PREPROCESSOR_DEFINITIONS = (
					"DEBUG=1",
					"$(inherited)",
				);
				GCC_SYMBOLS_PRIVATE_EXTERN = NO;
				GCC_WARN_64_TO_32_BIT_CONVERSION = YES;
				GCC_WARN_ABOUT_RETURN_TYPE = YES_ERROR;
				GCC_WARN_UNDECLARED_SELECTOR = YES;
				GCC_WARN_UNINITIALIZED_AUTOS = YES_AGGRESSIVE;
				GCC_WARN_UNUSED_FUNCTION = YES;
				GCC_WARN_UNUSED_VARIABLE = YES;
				IPHONEOS_DEPLOYMENT_TARGET = 8.1;
				MTL_ENABLE_DEBUG_INFO = YES;
				ONLY_ACTIVE_ARCH = YES;
				SDKROOT = iphoneos;
				SWIFT_OPTIMIZATION_LEVEL = "-Onone";
			};
			name = Debug;
		};
		2F1FEF191A6C825500938950 /* Release */ = {
			isa = XCBuildConfiguration;
			buildSettings = {
				ALWAYS_SEARCH_USER_PATHS = NO;
				CLANG_CXX_LANGUAGE_STANDARD = "gnu++0x";
				CLANG_CXX_LIBRARY = "libc++";
				CLANG_ENABLE_MODULES = YES;
				CLANG_ENABLE_OBJC_ARC = YES;
				CLANG_WARN_BOOL_CONVERSION = YES;
				CLANG_WARN_CONSTANT_CONVERSION = YES;
				CLANG_WARN_DIRECT_OBJC_ISA_USAGE = YES_ERROR;
				CLANG_WARN_EMPTY_BODY = YES;
				CLANG_WARN_ENUM_CONVERSION = YES;
				CLANG_WARN_INT_CONVERSION = YES;
				CLANG_WARN_OBJC_ROOT_CLASS = YES_ERROR;
				CLANG_WARN_UNREACHABLE_CODE = YES;
				CLANG_WARN__DUPLICATE_METHOD_MATCH = YES;
				"CODE_SIGN_IDENTITY[sdk=iphoneos*]" = "iPhone Developer";
				COPY_PHASE_STRIP = YES;
				ENABLE_NS_ASSERTIONS = NO;
				ENABLE_STRICT_OBJC_MSGSEND = YES;
				GCC_C_LANGUAGE_STANDARD = gnu99;
				GCC_WARN_64_TO_32_BIT_CONVERSION = YES;
				GCC_WARN_ABOUT_RETURN_TYPE = YES_ERROR;
				GCC_WARN_UNDECLARED_SELECTOR = YES;
				GCC_WARN_UNINITIALIZED_AUTOS = YES_AGGRESSIVE;
				GCC_WARN_UNUSED_FUNCTION = YES;
				GCC_WARN_UNUSED_VARIABLE = YES;
				IPHONEOS_DEPLOYMENT_TARGET = 8.1;
				MTL_ENABLE_DEBUG_INFO = NO;
				SDKROOT = iphoneos;
				VALIDATE_PRODUCT = YES;
			};
			name = Release;
		};
		2F1FEF1B1A6C825500938950 /* Debug */ = {
			isa = XCBuildConfiguration;
			buildSettings = {
				ASSETCATALOG_COMPILER_APPICON_NAME = AppIcon;
				FRAMEWORK_SEARCH_PATHS = (
					"$(inherited)",
					/Users/keefmoon/Dropbox/Projects/_CommonCode/Swift/Modules,
				);
				INFOPLIST_FILE = Example/Info.plist;
				LD_RUNPATH_SEARCH_PATHS = "$(inherited) @executable_path/Frameworks";
				PRODUCT_NAME = "$(TARGET_NAME)";
			};
			name = Debug;
		};
		2F1FEF1C1A6C825500938950 /* Release */ = {
			isa = XCBuildConfiguration;
			buildSettings = {
				ASSETCATALOG_COMPILER_APPICON_NAME = AppIcon;
				FRAMEWORK_SEARCH_PATHS = (
					"$(inherited)",
					/Users/keefmoon/Dropbox/Projects/_CommonCode/Swift/Modules,
				);
				INFOPLIST_FILE = Example/Info.plist;
				LD_RUNPATH_SEARCH_PATHS = "$(inherited) @executable_path/Frameworks";
				PRODUCT_NAME = "$(TARGET_NAME)";
			};
			name = Release;
		};
		2F1FEF1E1A6C825500938950 /* Debug */ = {
			isa = XCBuildConfiguration;
			buildSettings = {
				BUNDLE_LOADER = "$(TEST_HOST)";
				FRAMEWORK_SEARCH_PATHS = (
					"$(SDKROOT)/Developer/Library/Frameworks",
					"$(inherited)",
				);
				GCC_PREPROCESSOR_DEFINITIONS = (
					"DEBUG=1",
					"$(inherited)",
				);
				INFOPLIST_FILE = ExampleTests/Info.plist;
				LD_RUNPATH_SEARCH_PATHS = "$(inherited) @executable_path/Frameworks @loader_path/Frameworks";
				PRODUCT_NAME = "$(TARGET_NAME)";
				TEST_HOST = "$(BUILT_PRODUCTS_DIR)/Example.app/Example";
			};
			name = Debug;
		};
		2F1FEF1F1A6C825500938950 /* Release */ = {
			isa = XCBuildConfiguration;
			buildSettings = {
				BUNDLE_LOADER = "$(TEST_HOST)";
				FRAMEWORK_SEARCH_PATHS = (
					"$(SDKROOT)/Developer/Library/Frameworks",
					"$(inherited)",
				);
				INFOPLIST_FILE = ExampleTests/Info.plist;
				LD_RUNPATH_SEARCH_PATHS = "$(inherited) @executable_path/Frameworks @loader_path/Frameworks";
				PRODUCT_NAME = "$(TARGET_NAME)";
				TEST_HOST = "$(BUILT_PRODUCTS_DIR)/Example.app/Example";
			};
			name = Release;
		};
/* End XCBuildConfiguration section */

/* Begin XCConfigurationList section */
		2F1FEEF61A6C825500938950 /* Build configuration list for PBXProject "Example" */ = {
			isa = XCConfigurationList;
			buildConfigurations = (
				2F1FEF181A6C825500938950 /* Debug */,
				2F1FEF191A6C825500938950 /* Release */,
			);
			defaultConfigurationIsVisible = 0;
			defaultConfigurationName = Release;
		};
		2F1FEF1A1A6C825500938950 /* Build configuration list for PBXNativeTarget "Example" */ = {
			isa = XCConfigurationList;
			buildConfigurations = (
				2F1FEF1B1A6C825500938950 /* Debug */,
				2F1FEF1C1A6C825500938950 /* Release */,
			);
			defaultConfigurationIsVisible = 0;
		};
		2F1FEF1D1A6C825500938950 /* Build configuration list for PBXNativeTarget "ExampleTests" */ = {
			isa = XCConfigurationList;
			buildConfigurations = (
				2F1FEF1E1A6C825500938950 /* Debug */,
				2F1FEF1F1A6C825500938950 /* Release */,
			);
			defaultConfigurationIsVisible = 0;
		};
/* End XCConfigurationList section */
	};
	rootObject = 2F1FEEF31A6C825500938950 /* Project object */;
}
